
Microsoft Visual Studio Solution File, Format Version 12.00
# Visual Studio Version 16
VisualStudioVersion = 16.0.29905.134
MinimumVisualStudioVersion = 10.0.40219.1
Project("{9A19103F-16F7-4668-BE54-9A1E7A4F7556}") = "Portfolio", "Portfolio\Portfolio.csproj", "{7564C832-DB00-4FF3-B8C0-37F30C21FBE7}"
EndProject
Global
	GlobalSection(SolutionConfigurationPlatforms) = preSolution
		Debug|Any CPU = Debug|Any CPU
		Release|Any CPU = Release|Any CPU
	EndGlobalSection
	GlobalSection(ProjectConfigurationPlatforms) = postSolution
		{7564C832-DB00-4FF3-B8C0-37F30C21FBE7}.Debug|Any CPU.ActiveCfg = Debug|Any CPU
		{7564C832-DB00-4FF3-B8C0-37F30C21FBE7}.Debug|Any CPU.Build.0 = Debug|Any CPU
		{7564C832-DB00-4FF3-B8C0-37F30C21FBE7}.Release|Any CPU.ActiveCfg = Release|Any CPU
		{7564C832-DB00-4FF3-B8C0-37F30C21FBE7}.Release|Any CPU.Build.0 = Release|Any CPU
	EndGlobalSection
	GlobalSection(SolutionProperties) = preSolution
		HideSolutionNode = FALSE
	EndGlobalSection
	GlobalSection(ExtensibilityGlobals) = postSolution
		SolutionGuid = {2A154E75-6754-4914-84D3-87CFA1B93CBA}
	EndGlobalSection
EndGlobal
