
Microsoft Visual Studio Solution File, Format Version 12.00
# Visual Studio Version 16
VisualStudioVersion = 16.0.29905.134
MinimumVisualStudioVersion = 10.0.40219.1
Project("{9A19103F-16F7-4668-BE54-9A1E7A4F7556}") = "DigitRecognition", "DigitRecognition\DigitRecognition.csproj", "{D3171675-6429-4BDF-8922-F081B21F1C2A}"
EndProject
Project("{9A19103F-16F7-4668-BE54-9A1E7A4F7556}") = "Website", "Website\Website.csproj", "{80A4B7F0-927E-4C7C-BD40-F85F6A8E02D0}"
EndProject
Global
	GlobalSection(SolutionConfigurationPlatforms) = preSolution
		Debug|Any CPU = Debug|Any CPU
		Release|Any CPU = Release|Any CPU
	EndGlobalSection
	GlobalSection(ProjectConfigurationPlatforms) = postSolution
		{D3171675-6429-4BDF-8922-F081B21F1C2A}.Debug|Any CPU.ActiveCfg = Debug|Any CPU
		{D3171675-6429-4BDF-8922-F081B21F1C2A}.Debug|Any CPU.Build.0 = Debug|Any CPU
		{D3171675-6429-4BDF-8922-F081B21F1C2A}.Release|Any CPU.ActiveCfg = Release|Any CPU
		{D3171675-6429-4BDF-8922-F081B21F1C2A}.Release|Any CPU.Build.0 = Release|Any CPU
		{80A4B7F0-927E-4C7C-BD40-F85F6A8E02D0}.Debug|Any CPU.ActiveCfg = Debug|Any CPU
		{80A4B7F0-927E-4C7C-BD40-F85F6A8E02D0}.Debug|Any CPU.Build.0 = Debug|Any CPU
		{80A4B7F0-927E-4C7C-BD40-F85F6A8E02D0}.Release|Any CPU.ActiveCfg = Release|Any CPU
		{80A4B7F0-927E-4C7C-BD40-F85F6A8E02D0}.Release|Any CPU.Build.0 = Release|Any CPU
	EndGlobalSection
	GlobalSection(SolutionProperties) = preSolution
		HideSolutionNode = FALSE
	EndGlobalSection
	GlobalSection(ExtensibilityGlobals) = postSolution
		SolutionGuid = {2A154E75-6754-4914-84D3-87CFA1B93CBA}
	EndGlobalSection
EndGlobal
